
Microsoft Visual Studio Solution File, Format Version 12.00
# Visual Studio 15
VisualStudioVersion = 15.0.28010.2036
MinimumVisualStudioVersion = 10.0.40219.1
Project("{9A19103F-16F7-4668-BE54-9A1E7A4F7556}") = "ZYH.Store.Manage.WebAPI", "ZYH.Store.Manage.WebAPI\ZYH.Store.Manage.WebAPI.csproj", "{3851D54A-D528-4AFB-B038-37BBE1F1E21A}"
EndProject
Project("{9A19103F-16F7-4668-BE54-9A1E7A4F7556}") = "ZYH.Store.Manage.Web", "ZYH.Store.Manage.Web\ZYH.Store.Manage.Web.csproj", "{C2032F90-2800-4EBE-BEC1-7091AA163EF8}"
EndProject
Project("{FAE04EC0-301F-11D3-BF4B-00C04F79EFBC}") = "ZYH.Store.Manage.Entity", "ZYH.Store.Manage.Entity\ZYH.Store.Manage.Entity.csproj", "{B964B629-8773-4798-BD0A-250ADDF6E726}"
EndProject
Project("{FAE04EC0-301F-11D3-BF4B-00C04F79EFBC}") = "ZYH.Common", "ZYH.Common\ZYH.Common.csproj", "{A3ADD689-4861-45E1-913F-8398A741A7A9}"
EndProject
Project("{FAE04EC0-301F-11D3-BF4B-00C04F79EFBC}") = "ZYH.Store.Manage.BLL", "ZYH.Store.Manage.BLL\ZYH.Store.Manage.BLL.csproj", "{2E560256-B76C-42FC-A8F0-F2D2589107EF}"
EndProject
Project("{FAE04EC0-301F-11D3-BF4B-00C04F79EFBC}") = "ZYH.Store.Manage.DAL", "ZYH.Store.Manage.DAL\ZYH.Store.Manage.DAL.csproj", "{6D747CBD-CC92-47E6-BEDA-EB0157F7635A}"
EndProject
Project("{FAE04EC0-301F-11D3-BF4B-00C04F79EFBC}") = "ZYH.Store.Manage.Test", "ZYH.Store.Manage.Test\ZYH.Store.Manage.Test.csproj", "{33BCC03A-B7B2-4296-A016-394520C1DD59}"
EndProject
Project("{2150E333-8FDC-42A3-9474-1A3956D46DE8}") = "ExternalModule", "ExternalModule", "{711544D7-9CD3-414D-8589-D21D932B7EBD}"
	ProjectSection(SolutionItems) = preProject
		ExternalModule\Record.txt = ExternalModule\Record.txt
	EndProjectSection
EndProject
Project("{FAE04EC0-301F-11D3-BF4B-00C04F79EFBC}") = "ZYH.External.WenXin", "ZYH.External.WenXin\ZYH.External.WenXin.csproj", "{92ACF6AD-526E-4BF1-809F-051DC3B5B623}"
EndProject
Project("{FAE04EC0-301F-11D3-BF4B-00C04F79EFBC}") = "ZYH.External.MeiTuan", "ZYH.External.MeiTuan\ZYH.External.MeiTuan.csproj", "{F67D2D93-13AE-4A9E-B38A-F77903DB8220}"
EndProject
Global
	GlobalSection(SolutionConfigurationPlatforms) = preSolution
		Debug|Any CPU = Debug|Any CPU
		Release|Any CPU = Release|Any CPU
	EndGlobalSection
	GlobalSection(ProjectConfigurationPlatforms) = postSolution
		{3851D54A-D528-4AFB-B038-37BBE1F1E21A}.Debug|Any CPU.ActiveCfg = Debug|Any CPU
		{3851D54A-D528-4AFB-B038-37BBE1F1E21A}.Debug|Any CPU.Build.0 = Debug|Any CPU
		{3851D54A-D528-4AFB-B038-37BBE1F1E21A}.Release|Any CPU.ActiveCfg = Release|Any CPU
		{3851D54A-D528-4AFB-B038-37BBE1F1E21A}.Release|Any CPU.Build.0 = Release|Any CPU
		{C2032F90-2800-4EBE-BEC1-7091AA163EF8}.Debug|Any CPU.ActiveCfg = Debug|Any CPU
		{C2032F90-2800-4EBE-BEC1-7091AA163EF8}.Debug|Any CPU.Build.0 = Debug|Any CPU
		{C2032F90-2800-4EBE-BEC1-7091AA163EF8}.Release|Any CPU.ActiveCfg = Release|Any CPU
		{C2032F90-2800-4EBE-BEC1-7091AA163EF8}.Release|Any CPU.Build.0 = Release|Any CPU
		{B964B629-8773-4798-BD0A-250ADDF6E726}.Debug|Any CPU.ActiveCfg = Debug|Any CPU
		{B964B629-8773-4798-BD0A-250ADDF6E726}.Debug|Any CPU.Build.0 = Debug|Any CPU
		{B964B629-8773-4798-BD0A-250ADDF6E726}.Release|Any CPU.ActiveCfg = Release|Any CPU
		{B964B629-8773-4798-BD0A-250ADDF6E726}.Release|Any CPU.Build.0 = Release|Any CPU
		{A3ADD689-4861-45E1-913F-8398A741A7A9}.Debug|Any CPU.ActiveCfg = Debug|Any CPU
		{A3ADD689-4861-45E1-913F-8398A741A7A9}.Debug|Any CPU.Build.0 = Debug|Any CPU
		{A3ADD689-4861-45E1-913F-8398A741A7A9}.Release|Any CPU.ActiveCfg = Release|Any CPU
		{A3ADD689-4861-45E1-913F-8398A741A7A9}.Release|Any CPU.Build.0 = Release|Any CPU
		{2E560256-B76C-42FC-A8F0-F2D2589107EF}.Debug|Any CPU.ActiveCfg = Debug|Any CPU
		{2E560256-B76C-42FC-A8F0-F2D2589107EF}.Debug|Any CPU.Build.0 = Debug|Any CPU
		{2E560256-B76C-42FC-A8F0-F2D2589107EF}.Release|Any CPU.ActiveCfg = Release|Any CPU
		{2E560256-B76C-42FC-A8F0-F2D2589107EF}.Release|Any CPU.Build.0 = Release|Any CPU
		{6D747CBD-CC92-47E6-BEDA-EB0157F7635A}.Debug|Any CPU.ActiveCfg = Debug|Any CPU
		{6D747CBD-CC92-47E6-BEDA-EB0157F7635A}.Debug|Any CPU.Build.0 = Debug|Any CPU
		{6D747CBD-CC92-47E6-BEDA-EB0157F7635A}.Release|Any CPU.ActiveCfg = Release|Any CPU
		{6D747CBD-CC92-47E6-BEDA-EB0157F7635A}.Release|Any CPU.Build.0 = Release|Any CPU
		{33BCC03A-B7B2-4296-A016-394520C1DD59}.Debug|Any CPU.ActiveCfg = Debug|Any CPU
		{33BCC03A-B7B2-4296-A016-394520C1DD59}.Debug|Any CPU.Build.0 = Debug|Any CPU
		{33BCC03A-B7B2-4296-A016-394520C1DD59}.Release|Any CPU.ActiveCfg = Release|Any CPU
		{33BCC03A-B7B2-4296-A016-394520C1DD59}.Release|Any CPU.Build.0 = Release|Any CPU
		{92ACF6AD-526E-4BF1-809F-051DC3B5B623}.Debug|Any CPU.ActiveCfg = Debug|Any CPU
		{92ACF6AD-526E-4BF1-809F-051DC3B5B623}.Debug|Any CPU.Build.0 = Debug|Any CPU
		{92ACF6AD-526E-4BF1-809F-051DC3B5B623}.Release|Any CPU.ActiveCfg = Release|Any CPU
		{92ACF6AD-526E-4BF1-809F-051DC3B5B623}.Release|Any CPU.Build.0 = Release|Any CPU
		{F67D2D93-13AE-4A9E-B38A-F77903DB8220}.Debug|Any CPU.ActiveCfg = Debug|Any CPU
		{F67D2D93-13AE-4A9E-B38A-F77903DB8220}.Debug|Any CPU.Build.0 = Debug|Any CPU
		{F67D2D93-13AE-4A9E-B38A-F77903DB8220}.Release|Any CPU.ActiveCfg = Release|Any CPU
		{F67D2D93-13AE-4A9E-B38A-F77903DB8220}.Release|Any CPU.Build.0 = Release|Any CPU
	EndGlobalSection
	GlobalSection(SolutionProperties) = preSolution
		HideSolutionNode = FALSE
	EndGlobalSection
	GlobalSection(NestedProjects) = preSolution
		{92ACF6AD-526E-4BF1-809F-051DC3B5B623} = {711544D7-9CD3-414D-8589-D21D932B7EBD}
		{F67D2D93-13AE-4A9E-B38A-F77903DB8220} = {711544D7-9CD3-414D-8589-D21D932B7EBD}
	EndGlobalSection
	GlobalSection(ExtensibilityGlobals) = postSolution
		SolutionGuid = {9F4A815F-DFB6-45D5-941C-7B2279691C65}
	EndGlobalSection
EndGlobal
