
Microsoft Visual Studio Solution File, Format Version 12.00
# Visual Studio 15
VisualStudioVersion = 15.0.28010.2036
MinimumVisualStudioVersion = 10.0.40219.1
Project("{9A19103F-16F7-4668-BE54-9A1E7A4F7556}") = "ZYH.Store.Manage.Entity", "ZYH.Store.Manage.Entity\ZYH.Store.Manage.Entity.csproj", "{B964B629-8773-4798-BD0A-250ADDF6E726}"
EndProject
Project("{9A19103F-16F7-4668-BE54-9A1E7A4F7556}") = "ZYH.Common", "ZYH.Common\ZYH.Common.csproj", "{A3ADD689-4861-45E1-913F-8398A741A7A9}"
EndProject
Project("{9A19103F-16F7-4668-BE54-9A1E7A4F7556}") = "ZYH.Store.Manage.Test", "ZYH.Store.Manage.Test\ZYH.Store.Manage.Test.csproj", "{33BCC03A-B7B2-4296-A016-394520C1DD59}"
EndProject
Project("{2150E333-8FDC-42A3-9474-1A3956D46DE8}") = "ExternalModule", "ExternalModule", "{711544D7-9CD3-414D-8589-D21D932B7EBD}"
	ProjectSection(SolutionItems) = preProject
		ExternalModule\Record.txt = ExternalModule\Record.txt
	EndProjectSection
EndProject
Project("{2150E333-8FDC-42A3-9474-1A3956D46DE8}") = "MyDoc", "MyDoc", "{99C93DFA-800B-456E-9564-81BFE5AA86CD}"
	ProjectSection(SolutionItems) = preProject
		MyDoc\NETCoreEFRecord.docx = MyDoc\NETCoreEFRecord.docx
		MyDoc\NETCoreRecord.docx = MyDoc\NETCoreRecord.docx
		MyDoc\门店管理系统记录.docx = MyDoc\门店管理系统记录.docx
	EndProjectSection
EndProject
Project("{2150E333-8FDC-42A3-9474-1A3956D46DE8}") = "TestHangfire", "TestHangfire", "{2AB40B1E-95AA-4A7A-B1A4-B58B9CB877B7}"
EndProject
Project("{9A19103F-16F7-4668-BE54-9A1E7A4F7556}") = "WebApplicationHangfire", "TestHangfire\WebApplicationHangfire\WebApplicationHangfire.csproj", "{21429654-389F-428F-85F9-B92040AAE7F5}"
EndProject
Project("{9A19103F-16F7-4668-BE54-9A1E7A4F7556}") = "ZYH.External.MeiTuan", "ExternalModule\ZYH.External.MeiTuan\ZYH.External.MeiTuan.csproj", "{AF3432C5-FBA7-4ADF-9EB4-2AD1C1217968}"
EndProject
Project("{9A19103F-16F7-4668-BE54-9A1E7A4F7556}") = "ZYH.External.WenXin", "ExternalModule\ZYH.External.WenXin\ZYH.External.WenXin.csproj", "{397B4672-B6BB-4A50-B7F9-5D07170340FB}"
EndProject
Project("{9A19103F-16F7-4668-BE54-9A1E7A4F7556}") = "ZYH.Store.Manage.Core.Api", "ZYH.Store.Manage.Core.Api\ZYH.Store.Manage.Core.Api.csproj", "{17B1178D-F1F2-4B08-A533-F4A046AC3536}"
EndProject
Project("{2150E333-8FDC-42A3-9474-1A3956D46DE8}") = "Services", "Services", "{03D29717-89CE-45F6-9D4B-1EDDB9F098F4}"
EndProject
Project("{9A19103F-16F7-4668-BE54-9A1E7A4F7556}") = "ZYH.Store.Manage.Service", "ZYH.Store.Manage.Service\ZYH.Store.Manage.Service.csproj", "{203F90BD-9AD0-4D22-9BA0-6C2A75BBD056}"
EndProject
Project("{9A19103F-16F7-4668-BE54-9A1E7A4F7556}") = "ZYH.Store.Manage.Service.Finance", "Services\ZYH.Store.Manage.Service.Finance\ZYH.Store.Manage.Service.Finance.csproj", "{2DD1FEBD-D319-4DC1-B5E3-BAFE35D972A9}"
EndProject
Project("{9A19103F-16F7-4668-BE54-9A1E7A4F7556}") = "ZYH.Store.Manage.Service.HR", "Services\ZYH.Store.Manage.Service.HR\ZYH.Store.Manage.Service.HR.csproj", "{C3F3A681-283F-4988-968C-E5A69C9D300B}"
EndProject
Project("{9A19103F-16F7-4668-BE54-9A1E7A4F7556}") = "ZYH.Store.Manage.Service.Inventory", "Services\ZYH.Store.Manage.Service.Inventory\ZYH.Store.Manage.Service.Inventory.csproj", "{9279E6A3-78CB-43B7-B4D8-D6B86AFB08A2}"
EndProject
Project("{9A19103F-16F7-4668-BE54-9A1E7A4F7556}") = "ZYH.Store.Manage.Service.Analysis", "Services\ZYH.Store.Manage.Service.Organization\ZYH.Store.Manage.Service.Analysis.csproj", "{CC9E2982-9600-46AC-A26D-913972B0A8D5}"
EndProject
Project("{9A19103F-16F7-4668-BE54-9A1E7A4F7556}") = "ZYH.Store.Manage.Service.Procurement", "Services\ZYH.Store.Manage.Service.Procurement\ZYH.Store.Manage.Service.Procurement.csproj", "{84E0EE19-B8DB-48DE-AEC3-E33C0249BDF3}"
EndProject
Project("{9A19103F-16F7-4668-BE54-9A1E7A4F7556}") = "ZYH.Store.Manage.Service.Sales", "Services\ZYH.Store.Manage.Service.Sales\ZYH.Store.Manage.Service.Sales.csproj", "{C5E3F992-A3D0-471B-B2F9-BB8C8D3F5E51}"
EndProject
Project("{9A19103F-16F7-4668-BE54-9A1E7A4F7556}") = "ZYH.Store.Manage.Service.SysMange", "Services\ZYH.Store.Manage.Service.SysMange\ZYH.Store.Manage.Service.SysMange.csproj", "{E36E3217-BDF3-4C9D-A5F2-EA8122D30607}"
EndProject
Global
	GlobalSection(SolutionConfigurationPlatforms) = preSolution
		Debug|Any CPU = Debug|Any CPU
		Release|Any CPU = Release|Any CPU
	EndGlobalSection
	GlobalSection(ProjectConfigurationPlatforms) = postSolution
		{B964B629-8773-4798-BD0A-250ADDF6E726}.Debug|Any CPU.ActiveCfg = Debug|Any CPU
		{B964B629-8773-4798-BD0A-250ADDF6E726}.Debug|Any CPU.Build.0 = Debug|Any CPU
		{B964B629-8773-4798-BD0A-250ADDF6E726}.Release|Any CPU.ActiveCfg = Release|Any CPU
		{B964B629-8773-4798-BD0A-250ADDF6E726}.Release|Any CPU.Build.0 = Release|Any CPU
		{A3ADD689-4861-45E1-913F-8398A741A7A9}.Debug|Any CPU.ActiveCfg = Debug|Any CPU
		{A3ADD689-4861-45E1-913F-8398A741A7A9}.Debug|Any CPU.Build.0 = Debug|Any CPU
		{A3ADD689-4861-45E1-913F-8398A741A7A9}.Release|Any CPU.ActiveCfg = Release|Any CPU
		{A3ADD689-4861-45E1-913F-8398A741A7A9}.Release|Any CPU.Build.0 = Release|Any CPU
		{33BCC03A-B7B2-4296-A016-394520C1DD59}.Debug|Any CPU.ActiveCfg = Debug|Any CPU
		{33BCC03A-B7B2-4296-A016-394520C1DD59}.Debug|Any CPU.Build.0 = Debug|Any CPU
		{33BCC03A-B7B2-4296-A016-394520C1DD59}.Release|Any CPU.ActiveCfg = Release|Any CPU
		{33BCC03A-B7B2-4296-A016-394520C1DD59}.Release|Any CPU.Build.0 = Release|Any CPU
		{21429654-389F-428F-85F9-B92040AAE7F5}.Debug|Any CPU.ActiveCfg = Debug|Any CPU
		{21429654-389F-428F-85F9-B92040AAE7F5}.Debug|Any CPU.Build.0 = Debug|Any CPU
		{21429654-389F-428F-85F9-B92040AAE7F5}.Release|Any CPU.ActiveCfg = Release|Any CPU
		{21429654-389F-428F-85F9-B92040AAE7F5}.Release|Any CPU.Build.0 = Release|Any CPU
		{AF3432C5-FBA7-4ADF-9EB4-2AD1C1217968}.Debug|Any CPU.ActiveCfg = Debug|Any CPU
		{AF3432C5-FBA7-4ADF-9EB4-2AD1C1217968}.Debug|Any CPU.Build.0 = Debug|Any CPU
		{AF3432C5-FBA7-4ADF-9EB4-2AD1C1217968}.Release|Any CPU.ActiveCfg = Release|Any CPU
		{AF3432C5-FBA7-4ADF-9EB4-2AD1C1217968}.Release|Any CPU.Build.0 = Release|Any CPU
		{397B4672-B6BB-4A50-B7F9-5D07170340FB}.Debug|Any CPU.ActiveCfg = Debug|Any CPU
		{397B4672-B6BB-4A50-B7F9-5D07170340FB}.Debug|Any CPU.Build.0 = Debug|Any CPU
		{397B4672-B6BB-4A50-B7F9-5D07170340FB}.Release|Any CPU.ActiveCfg = Release|Any CPU
		{397B4672-B6BB-4A50-B7F9-5D07170340FB}.Release|Any CPU.Build.0 = Release|Any CPU
		{17B1178D-F1F2-4B08-A533-F4A046AC3536}.Debug|Any CPU.ActiveCfg = Debug|Any CPU
		{17B1178D-F1F2-4B08-A533-F4A046AC3536}.Debug|Any CPU.Build.0 = Debug|Any CPU
		{17B1178D-F1F2-4B08-A533-F4A046AC3536}.Release|Any CPU.ActiveCfg = Release|Any CPU
		{17B1178D-F1F2-4B08-A533-F4A046AC3536}.Release|Any CPU.Build.0 = Release|Any CPU
		{203F90BD-9AD0-4D22-9BA0-6C2A75BBD056}.Debug|Any CPU.ActiveCfg = Debug|Any CPU
		{203F90BD-9AD0-4D22-9BA0-6C2A75BBD056}.Debug|Any CPU.Build.0 = Debug|Any CPU
		{203F90BD-9AD0-4D22-9BA0-6C2A75BBD056}.Release|Any CPU.ActiveCfg = Release|Any CPU
		{203F90BD-9AD0-4D22-9BA0-6C2A75BBD056}.Release|Any CPU.Build.0 = Release|Any CPU
		{2DD1FEBD-D319-4DC1-B5E3-BAFE35D972A9}.Debug|Any CPU.ActiveCfg = Debug|Any CPU
		{2DD1FEBD-D319-4DC1-B5E3-BAFE35D972A9}.Debug|Any CPU.Build.0 = Debug|Any CPU
		{2DD1FEBD-D319-4DC1-B5E3-BAFE35D972A9}.Release|Any CPU.ActiveCfg = Release|Any CPU
		{2DD1FEBD-D319-4DC1-B5E3-BAFE35D972A9}.Release|Any CPU.Build.0 = Release|Any CPU
		{C3F3A681-283F-4988-968C-E5A69C9D300B}.Debug|Any CPU.ActiveCfg = Debug|Any CPU
		{C3F3A681-283F-4988-968C-E5A69C9D300B}.Debug|Any CPU.Build.0 = Debug|Any CPU
		{C3F3A681-283F-4988-968C-E5A69C9D300B}.Release|Any CPU.ActiveCfg = Release|Any CPU
		{C3F3A681-283F-4988-968C-E5A69C9D300B}.Release|Any CPU.Build.0 = Release|Any CPU
		{9279E6A3-78CB-43B7-B4D8-D6B86AFB08A2}.Debug|Any CPU.ActiveCfg = Debug|Any CPU
		{9279E6A3-78CB-43B7-B4D8-D6B86AFB08A2}.Debug|Any CPU.Build.0 = Debug|Any CPU
		{9279E6A3-78CB-43B7-B4D8-D6B86AFB08A2}.Release|Any CPU.ActiveCfg = Release|Any CPU
		{9279E6A3-78CB-43B7-B4D8-D6B86AFB08A2}.Release|Any CPU.Build.0 = Release|Any CPU
		{CC9E2982-9600-46AC-A26D-913972B0A8D5}.Debug|Any CPU.ActiveCfg = Debug|Any CPU
		{CC9E2982-9600-46AC-A26D-913972B0A8D5}.Debug|Any CPU.Build.0 = Debug|Any CPU
		{CC9E2982-9600-46AC-A26D-913972B0A8D5}.Release|Any CPU.ActiveCfg = Release|Any CPU
		{CC9E2982-9600-46AC-A26D-913972B0A8D5}.Release|Any CPU.Build.0 = Release|Any CPU
		{84E0EE19-B8DB-48DE-AEC3-E33C0249BDF3}.Debug|Any CPU.ActiveCfg = Debug|Any CPU
		{84E0EE19-B8DB-48DE-AEC3-E33C0249BDF3}.Debug|Any CPU.Build.0 = Debug|Any CPU
		{84E0EE19-B8DB-48DE-AEC3-E33C0249BDF3}.Release|Any CPU.ActiveCfg = Release|Any CPU
		{84E0EE19-B8DB-48DE-AEC3-E33C0249BDF3}.Release|Any CPU.Build.0 = Release|Any CPU
		{C5E3F992-A3D0-471B-B2F9-BB8C8D3F5E51}.Debug|Any CPU.ActiveCfg = Debug|Any CPU
		{C5E3F992-A3D0-471B-B2F9-BB8C8D3F5E51}.Debug|Any CPU.Build.0 = Debug|Any CPU
		{C5E3F992-A3D0-471B-B2F9-BB8C8D3F5E51}.Release|Any CPU.ActiveCfg = Release|Any CPU
		{C5E3F992-A3D0-471B-B2F9-BB8C8D3F5E51}.Release|Any CPU.Build.0 = Release|Any CPU
		{E36E3217-BDF3-4C9D-A5F2-EA8122D30607}.Debug|Any CPU.ActiveCfg = Debug|Any CPU
		{E36E3217-BDF3-4C9D-A5F2-EA8122D30607}.Debug|Any CPU.Build.0 = Debug|Any CPU
		{E36E3217-BDF3-4C9D-A5F2-EA8122D30607}.Release|Any CPU.ActiveCfg = Release|Any CPU
		{E36E3217-BDF3-4C9D-A5F2-EA8122D30607}.Release|Any CPU.Build.0 = Release|Any CPU
	EndGlobalSection
	GlobalSection(SolutionProperties) = preSolution
		HideSolutionNode = FALSE
	EndGlobalSection
	GlobalSection(NestedProjects) = preSolution
		{21429654-389F-428F-85F9-B92040AAE7F5} = {2AB40B1E-95AA-4A7A-B1A4-B58B9CB877B7}
		{AF3432C5-FBA7-4ADF-9EB4-2AD1C1217968} = {711544D7-9CD3-414D-8589-D21D932B7EBD}
		{397B4672-B6BB-4A50-B7F9-5D07170340FB} = {711544D7-9CD3-414D-8589-D21D932B7EBD}
		{2DD1FEBD-D319-4DC1-B5E3-BAFE35D972A9} = {03D29717-89CE-45F6-9D4B-1EDDB9F098F4}
		{C3F3A681-283F-4988-968C-E5A69C9D300B} = {03D29717-89CE-45F6-9D4B-1EDDB9F098F4}
		{9279E6A3-78CB-43B7-B4D8-D6B86AFB08A2} = {03D29717-89CE-45F6-9D4B-1EDDB9F098F4}
		{CC9E2982-9600-46AC-A26D-913972B0A8D5} = {03D29717-89CE-45F6-9D4B-1EDDB9F098F4}
		{84E0EE19-B8DB-48DE-AEC3-E33C0249BDF3} = {03D29717-89CE-45F6-9D4B-1EDDB9F098F4}
		{C5E3F992-A3D0-471B-B2F9-BB8C8D3F5E51} = {03D29717-89CE-45F6-9D4B-1EDDB9F098F4}
		{E36E3217-BDF3-4C9D-A5F2-EA8122D30607} = {03D29717-89CE-45F6-9D4B-1EDDB9F098F4}
	EndGlobalSection
	GlobalSection(ExtensibilityGlobals) = postSolution
		SolutionGuid = {9F4A815F-DFB6-45D5-941C-7B2279691C65}
	EndGlobalSection
EndGlobal
