
Microsoft Visual Studio Solution File, Format Version 12.00
# Visual Studio 15
VisualStudioVersion = 15.0.28010.2036
MinimumVisualStudioVersion = 10.0.40219.1
Project("{9A19103F-16F7-4668-BE54-9A1E7A4F7556}") = "ZYH.Store.Manage.WebAPI", "ZYH.Store.Manage.WebAPI\ZYH.Store.Manage.WebAPI.csproj", "{3851D54A-D528-4AFB-B038-37BBE1F1E21A}"
EndProject
Project("{FAE04EC0-301F-11D3-BF4B-00C04F79EFBC}") = "ZYH.Store.Manage.Web", "ZYH.Store.Manage.Web\ZYH.Store.Manage.Web.csproj", "{C2032F90-2800-4EBE-BEC1-7091AA163EF8}"
EndProject
Global
	GlobalSection(SolutionConfigurationPlatforms) = preSolution
		Debug|Any CPU = Debug|Any CPU
		Release|Any CPU = Release|Any CPU
	EndGlobalSection
	GlobalSection(ProjectConfigurationPlatforms) = postSolution
		{3851D54A-D528-4AFB-B038-37BBE1F1E21A}.Debug|Any CPU.ActiveCfg = Debug|Any CPU
		{3851D54A-D528-4AFB-B038-37BBE1F1E21A}.Debug|Any CPU.Build.0 = Debug|Any CPU
		{3851D54A-D528-4AFB-B038-37BBE1F1E21A}.Release|Any CPU.ActiveCfg = Release|Any CPU
		{3851D54A-D528-4AFB-B038-37BBE1F1E21A}.Release|Any CPU.Build.0 = Release|Any CPU
		{C2032F90-2800-4EBE-BEC1-7091AA163EF8}.Debug|Any CPU.ActiveCfg = Debug|Any CPU
		{C2032F90-2800-4EBE-BEC1-7091AA163EF8}.Debug|Any CPU.Build.0 = Debug|Any CPU
		{C2032F90-2800-4EBE-BEC1-7091AA163EF8}.Release|Any CPU.ActiveCfg = Release|Any CPU
		{C2032F90-2800-4EBE-BEC1-7091AA163EF8}.Release|Any CPU.Build.0 = Release|Any CPU
	EndGlobalSection
	GlobalSection(SolutionProperties) = preSolution
		HideSolutionNode = FALSE
	EndGlobalSection
	GlobalSection(ExtensibilityGlobals) = postSolution
		SolutionGuid = {9F4A815F-DFB6-45D5-941C-7B2279691C65}
	EndGlobalSection
EndGlobal
